// !$*UTF8*$!
{
	archiveVersion = 1;
	classes = {
	};
	objectVersion = 55;
	objects = {

/* Begin PBXBuildFile section */
		11108F5128C289A9008B62C8 /* SquareEmployeeDirectoryApp.swift in Sources */ = {isa = PBXBuildFile; fileRef = 11108F5028C289A9008B62C8 /* SquareEmployeeDirectoryApp.swift */; };
		11108F5328C289A9008B62C8 /* ContentView.swift in Sources */ = {isa = PBXBuildFile; fileRef = 11108F5228C289A9008B62C8 /* ContentView.swift */; };
		11108F5528C289AC008B62C8 /* Assets.xcassets in Resources */ = {isa = PBXBuildFile; fileRef = 11108F5428C289AC008B62C8 /* Assets.xcassets */; };
		11108F5828C289AC008B62C8 /* Preview Assets.xcassets in Resources */ = {isa = PBXBuildFile; fileRef = 11108F5728C289AC008B62C8 /* Preview Assets.xcassets */; };
		11108F5F28C289C5008B62C8 /* Employees.swift in Sources */ = {isa = PBXBuildFile; fileRef = 11108F5E28C289C5008B62C8 /* Employees.swift */; };
		11108F6128C28DAC008B62C8 /* EmployeeListView.swift in Sources */ = {isa = PBXBuildFile; fileRef = 11108F6028C28DAC008B62C8 /* EmployeeListView.swift */; };
		11108F6328C28F02008B62C8 /* EmployeeViewModel.swift in Sources */ = {isa = PBXBuildFile; fileRef = 11108F6228C28F02008B62C8 /* EmployeeViewModel.swift */; };
		11108F6528C28FD7008B62C8 /* EmployeeListCell.swift in Sources */ = {isa = PBXBuildFile; fileRef = 11108F6428C28FD7008B62C8 /* EmployeeListCell.swift */; };
		116FC39528C52B7000BD011B /* ImageModifier.swift in Sources */ = {isa = PBXBuildFile; fileRef = 116FC39428C52B7000BD011B /* ImageModifier.swift */; };
		11DE07A828C5316E00FDA44E /* LoadingView.swift in Sources */ = {isa = PBXBuildFile; fileRef = 11DE07A728C5316E00FDA44E /* LoadingView.swift */; };
		11DE07CC28C7F5BA00FDA44E /* APIError.swift in Sources */ = {isa = PBXBuildFile; fileRef = 11DE07CB28C7F5BA00FDA44E /* APIError.swift */; };
		11DE07F428CA3C5D00FDA44E /* ImageLoader.swift in Sources */ = {isa = PBXBuildFile; fileRef = 11DE07F328CA3C5D00FDA44E /* ImageLoader.swift */; };
		11DE07F728CA3CCA00FDA44E /* NetworkManager.swift in Sources */ = {isa = PBXBuildFile; fileRef = 11DE07F628CA3CCA00FDA44E /* NetworkManager.swift */; };
		11DE07F928CA8EAF00FDA44E /* Alert.swift in Sources */ = {isa = PBXBuildFile; fileRef = 11DE07F828CA8EAF00FDA44E /* Alert.swift */; };
		11DE07FC28CAB62E00FDA44E /* NetworkManagerProtocol.swift in Sources */ = {isa = PBXBuildFile; fileRef = 11DE07FB28CAB62D00FDA44E /* NetworkManagerProtocol.swift */; };
		11DE07FE28CAB65900FDA44E /* NetworkMockService.swift in Sources */ = {isa = PBXBuildFile; fileRef = 11DE07FD28CAB65900FDA44E /* NetworkMockService.swift */; };
		11DE080B28CAC13800FDA44E /* SquareEmployeeDirectoryTests.swift in Sources */ = {isa = PBXBuildFile; fileRef = 11DE080A28CAC13800FDA44E /* SquareEmployeeDirectoryTests.swift */; };
/* End PBXBuildFile section */

/* Begin PBXContainerItemProxy section */
		11DE080C28CAC13800FDA44E /* PBXContainerItemProxy */ = {
			isa = PBXContainerItemProxy;
			containerPortal = 11108F4528C289A9008B62C8 /* Project object */;
			proxyType = 1;
			remoteGlobalIDString = 11108F4C28C289A9008B62C8;
			remoteInfo = SquareEmployeeDirectory;
		};
/* End PBXContainerItemProxy section */

/* Begin PBXFileReference section */
		11108F4D28C289A9008B62C8 /* SquareEmployeeDirectory.app */ = {isa = PBXFileReference; explicitFileType = wrapper.application; includeInIndex = 0; path = SquareEmployeeDirectory.app; sourceTree = BUILT_PRODUCTS_DIR; };
		11108F5028C289A9008B62C8 /* SquareEmployeeDirectoryApp.swift */ = {isa = PBXFileReference; lastKnownFileType = sourcecode.swift; path = SquareEmployeeDirectoryApp.swift; sourceTree = "<group>"; };
		11108F5228C289A9008B62C8 /* ContentView.swift */ = {isa = PBXFileReference; lastKnownFileType = sourcecode.swift; path = ContentView.swift; sourceTree = "<group>"; };
		11108F5428C289AC008B62C8 /* Assets.xcassets */ = {isa = PBXFileReference; lastKnownFileType = folder.assetcatalog; path = Assets.xcassets; sourceTree = "<group>"; };
		11108F5728C289AC008B62C8 /* Preview Assets.xcassets */ = {isa = PBXFileReference; lastKnownFileType = folder.assetcatalog; path = "Preview Assets.xcassets"; sourceTree = "<group>"; };
		11108F5E28C289C5008B62C8 /* Employees.swift */ = {isa = PBXFileReference; lastKnownFileType = sourcecode.swift; path = Employees.swift; sourceTree = "<group>"; };
		11108F6028C28DAC008B62C8 /* EmployeeListView.swift */ = {isa = PBXFileReference; lastKnownFileType = sourcecode.swift; path = EmployeeListView.swift; sourceTree = "<group>"; };
		11108F6228C28F02008B62C8 /* EmployeeViewModel.swift */ = {isa = PBXFileReference; lastKnownFileType = sourcecode.swift; path = EmployeeViewModel.swift; sourceTree = "<group>"; };
		11108F6428C28FD7008B62C8 /* EmployeeListCell.swift */ = {isa = PBXFileReference; lastKnownFileType = sourcecode.swift; path = EmployeeListCell.swift; sourceTree = "<group>"; };
		116FC39428C52B7000BD011B /* ImageModifier.swift */ = {isa = PBXFileReference; lastKnownFileType = sourcecode.swift; path = ImageModifier.swift; sourceTree = "<group>"; };
		11DE07A728C5316E00FDA44E /* LoadingView.swift */ = {isa = PBXFileReference; lastKnownFileType = sourcecode.swift; path = LoadingView.swift; sourceTree = "<group>"; };
		11DE07CB28C7F5BA00FDA44E /* APIError.swift */ = {isa = PBXFileReference; lastKnownFileType = sourcecode.swift; path = APIError.swift; sourceTree = "<group>"; };
		11DE07F328CA3C5D00FDA44E /* ImageLoader.swift */ = {isa = PBXFileReference; lastKnownFileType = sourcecode.swift; path = ImageLoader.swift; sourceTree = "<group>"; };
		11DE07F628CA3CCA00FDA44E /* NetworkManager.swift */ = {isa = PBXFileReference; lastKnownFileType = sourcecode.swift; path = NetworkManager.swift; sourceTree = "<group>"; };
		11DE07F828CA8EAF00FDA44E /* Alert.swift */ = {isa = PBXFileReference; lastKnownFileType = sourcecode.swift; path = Alert.swift; sourceTree = "<group>"; };
		11DE07FB28CAB62D00FDA44E /* NetworkManagerProtocol.swift */ = {isa = PBXFileReference; lastKnownFileType = sourcecode.swift; path = NetworkManagerProtocol.swift; sourceTree = "<group>"; };
		11DE07FD28CAB65900FDA44E /* NetworkMockService.swift */ = {isa = PBXFileReference; lastKnownFileType = sourcecode.swift; path = NetworkMockService.swift; sourceTree = "<group>"; };
		11DE080828CAC13800FDA44E /* SquareEmployeeDirectoryTests.xctest */ = {isa = PBXFileReference; explicitFileType = wrapper.cfbundle; includeInIndex = 0; path = SquareEmployeeDirectoryTests.xctest; sourceTree = BUILT_PRODUCTS_DIR; };
		11DE080A28CAC13800FDA44E /* SquareEmployeeDirectoryTests.swift */ = {isa = PBXFileReference; lastKnownFileType = sourcecode.swift; path = SquareEmployeeDirectoryTests.swift; sourceTree = "<group>"; };
/* End PBXFileReference section */

/* Begin PBXFrameworksBuildPhase section */
		11108F4A28C289A9008B62C8 /* Frameworks */ = {
			isa = PBXFrameworksBuildPhase;
			buildActionMask = 2147483647;
			files = (
			);
			runOnlyForDeploymentPostprocessing = 0;
		};
		11DE080528CAC13800FDA44E /* Frameworks */ = {
			isa = PBXFrameworksBuildPhase;
			buildActionMask = 2147483647;
			files = (
			);
			runOnlyForDeploymentPostprocessing = 0;
		};
/* End PBXFrameworksBuildPhase section */

/* Begin PBXGroup section */
		11108F4428C289A9008B62C8 = {
			isa = PBXGroup;
			children = (
				11108F4F28C289A9008B62C8 /* SquareEmployeeDirectory */,
				11DE080928CAC13800FDA44E /* SquareEmployeeDirectoryTests */,
				11108F4E28C289A9008B62C8 /* Products */,
			);
			sourceTree = "<group>";
		};
		11108F4E28C289A9008B62C8 /* Products */ = {
			isa = PBXGroup;
			children = (
				11108F4D28C289A9008B62C8 /* SquareEmployeeDirectory.app */,
				11DE080828CAC13800FDA44E /* SquareEmployeeDirectoryTests.xctest */,
			);
			name = Products;
			sourceTree = "<group>";
		};
		11108F4F28C289A9008B62C8 /* SquareEmployeeDirectory */ = {
			isa = PBXGroup;
			children = (
				11DE07BD28C7DBB200FDA44E /* Screens */,
				11DE07BF28C7DBF300FDA44E /* Views */,
				11DE07C328C7DC7600FDA44E /* Model */,
				11DE07F528CA3CBD00FDA44E /* Network */,
				11DE07C128C7DC0F00FDA44E /* Utilities */,
				11DE07FA28CA9AD500FDA44E /* Helpers */,
				11108F5028C289A9008B62C8 /* SquareEmployeeDirectoryApp.swift */,
				11108F5428C289AC008B62C8 /* Assets.xcassets */,
				11108F5628C289AC008B62C8 /* Preview Content */,
			);
			path = SquareEmployeeDirectory;
			sourceTree = "<group>";
		};
		11108F5628C289AC008B62C8 /* Preview Content */ = {
			isa = PBXGroup;
			children = (
				11108F5728C289AC008B62C8 /* Preview Assets.xcassets */,
			);
			path = "Preview Content";
			sourceTree = "<group>";
		};
		11DE07BD28C7DBB200FDA44E /* Screens */ = {
			isa = PBXGroup;
			children = (
				11108F5228C289A9008B62C8 /* ContentView.swift */,
				11DE07BE28C7DBC600FDA44E /* EmployeeListView */,
			);
			path = Screens;
			sourceTree = "<group>";
		};
		11DE07BE28C7DBC600FDA44E /* EmployeeListView */ = {
			isa = PBXGroup;
			children = (
				11108F6228C28F02008B62C8 /* EmployeeViewModel.swift */,
				11108F6028C28DAC008B62C8 /* EmployeeListView.swift */,
			);
			path = EmployeeListView;
			sourceTree = "<group>";
		};
		11DE07BF28C7DBF300FDA44E /* Views */ = {
			isa = PBXGroup;
			children = (
				11DE07A728C5316E00FDA44E /* LoadingView.swift */,
				11DE07F328CA3C5D00FDA44E /* ImageLoader.swift */,
				11DE07C028C7DBFE00FDA44E /* Cells */,
			);
			path = Views;
			sourceTree = "<group>";
		};
		11DE07C028C7DBFE00FDA44E /* Cells */ = {
			isa = PBXGroup;
			children = (
				11108F6428C28FD7008B62C8 /* EmployeeListCell.swift */,
			);
			path = Cells;
			sourceTree = "<group>";
		};
		11DE07C128C7DC0F00FDA44E /* Utilities */ = {
			isa = PBXGroup;
			children = (
				11DE07CA28C7F59C00FDA44E /* Alert */,
			);
			path = Utilities;
			sourceTree = "<group>";
		};
		11DE07C328C7DC7600FDA44E /* Model */ = {
			isa = PBXGroup;
			children = (
				11108F5E28C289C5008B62C8 /* Employees.swift */,
			);
			path = Model;
			sourceTree = "<group>";
		};
		11DE07CA28C7F59C00FDA44E /* Alert */ = {
			isa = PBXGroup;
			children = (
				11DE07CB28C7F5BA00FDA44E /* APIError.swift */,
				11DE07F828CA8EAF00FDA44E /* Alert.swift */,
			);
			path = Alert;
			sourceTree = "<group>";
		};
		11DE07F528CA3CBD00FDA44E /* Network */ = {
			isa = PBXGroup;
			children = (
				11DE07F628CA3CCA00FDA44E /* NetworkManager.swift */,
				11DE07FB28CAB62D00FDA44E /* NetworkManagerProtocol.swift */,
				11DE07FD28CAB65900FDA44E /* NetworkMockService.swift */,
			);
			path = Network;
			sourceTree = "<group>";
		};
		11DE07FA28CA9AD500FDA44E /* Helpers */ = {
			isa = PBXGroup;
			children = (
				116FC39428C52B7000BD011B /* ImageModifier.swift */,
			);
			path = Helpers;
			sourceTree = "<group>";
		};
		11DE080928CAC13800FDA44E /* SquareEmployeeDirectoryTests */ = {
			isa = PBXGroup;
			children = (
				11DE080A28CAC13800FDA44E /* SquareEmployeeDirectoryTests.swift */,
			);
			path = SquareEmployeeDirectoryTests;
			sourceTree = "<group>";
		};
/* End PBXGroup section */

/* Begin PBXNativeTarget section */
		11108F4C28C289A9008B62C8 /* SquareEmployeeDirectory */ = {
			isa = PBXNativeTarget;
			buildConfigurationList = 11108F5B28C289AC008B62C8 /* Build configuration list for PBXNativeTarget "SquareEmployeeDirectory" */;
			buildPhases = (
				11108F4928C289A9008B62C8 /* Sources */,
				11108F4A28C289A9008B62C8 /* Frameworks */,
				11108F4B28C289A9008B62C8 /* Resources */,
			);
			buildRules = (
			);
			dependencies = (
			);
			name = SquareEmployeeDirectory;
			productName = SquareEmployeeDirectory;
			productReference = 11108F4D28C289A9008B62C8 /* SquareEmployeeDirectory.app */;
			productType = "com.apple.product-type.application";
		};
		11DE080728CAC13800FDA44E /* SquareEmployeeDirectoryTests */ = {
			isa = PBXNativeTarget;
			buildConfigurationList = 11DE080E28CAC13800FDA44E /* Build configuration list for PBXNativeTarget "SquareEmployeeDirectoryTests" */;
			buildPhases = (
				11DE080428CAC13800FDA44E /* Sources */,
				11DE080528CAC13800FDA44E /* Frameworks */,
				11DE080628CAC13800FDA44E /* Resources */,
			);
			buildRules = (
			);
			dependencies = (
				11DE080D28CAC13800FDA44E /* PBXTargetDependency */,
			);
			name = SquareEmployeeDirectoryTests;
			productName = SquareEmployeeDirectoryTests;
			productReference = 11DE080828CAC13800FDA44E /* SquareEmployeeDirectoryTests.xctest */;
			productType = "com.apple.product-type.bundle.unit-test";
		};
/* End PBXNativeTarget section */

/* Begin PBXProject section */
		11108F4528C289A9008B62C8 /* Project object */ = {
			isa = PBXProject;
			attributes = {
				BuildIndependentTargetsInParallel = 1;
				LastSwiftUpdateCheck = 1310;
				LastUpgradeCheck = 1310;
				TargetAttributes = {
					11108F4C28C289A9008B62C8 = {
						CreatedOnToolsVersion = 13.1;
					};
					11DE080728CAC13800FDA44E = {
						CreatedOnToolsVersion = 13.1;
						TestTargetID = 11108F4C28C289A9008B62C8;
					};
				};
			};
			buildConfigurationList = 11108F4828C289A9008B62C8 /* Build configuration list for PBXProject "SquareEmployeeDirectory" */;
			compatibilityVersion = "Xcode 13.0";
			developmentRegion = en;
			hasScannedForEncodings = 0;
			knownRegions = (
				en,
				Base,
			);
			mainGroup = 11108F4428C289A9008B62C8;
			productRefGroup = 11108F4E28C289A9008B62C8 /* Products */;
			projectDirPath = "";
			projectRoot = "";
			targets = (
				11108F4C28C289A9008B62C8 /* SquareEmployeeDirectory */,
				11DE080728CAC13800FDA44E /* SquareEmployeeDirectoryTests */,
			);
		};
/* End PBXProject section */

/* Begin PBXResourcesBuildPhase section */
		11108F4B28C289A9008B62C8 /* Resources */ = {
			isa = PBXResourcesBuildPhase;
			buildActionMask = 2147483647;
			files = (
				11108F5828C289AC008B62C8 /* Preview Assets.xcassets in Resources */,
				11108F5528C289AC008B62C8 /* Assets.xcassets in Resources */,
			);
			runOnlyForDeploymentPostprocessing = 0;
		};
		11DE080628CAC13800FDA44E /* Resources */ = {
			isa = PBXResourcesBuildPhase;
			buildActionMask = 2147483647;
			files = (
			);
			runOnlyForDeploymentPostprocessing = 0;
		};
/* End PBXResourcesBuildPhase section */

/* Begin PBXSourcesBuildPhase section */
		11108F4928C289A9008B62C8 /* Sources */ = {
			isa = PBXSourcesBuildPhase;
			buildActionMask = 2147483647;
			files = (
				116FC39528C52B7000BD011B /* ImageModifier.swift in Sources */,
				11DE07FE28CAB65900FDA44E /* NetworkMockService.swift in Sources */,
				11108F6128C28DAC008B62C8 /* EmployeeListView.swift in Sources */,
				11DE07FC28CAB62E00FDA44E /* NetworkManagerProtocol.swift in Sources */,
				11108F6528C28FD7008B62C8 /* EmployeeListCell.swift in Sources */,
				11108F6328C28F02008B62C8 /* EmployeeViewModel.swift in Sources */,
				11DE07CC28C7F5BA00FDA44E /* APIError.swift in Sources */,
				11DE07F928CA8EAF00FDA44E /* Alert.swift in Sources */,
				11DE07F428CA3C5D00FDA44E /* ImageLoader.swift in Sources */,
				11108F5328C289A9008B62C8 /* ContentView.swift in Sources */,
				11DE07F728CA3CCA00FDA44E /* NetworkManager.swift in Sources */,
				11DE07A828C5316E00FDA44E /* LoadingView.swift in Sources */,
				11108F5F28C289C5008B62C8 /* Employees.swift in Sources */,
				11108F5128C289A9008B62C8 /* SquareEmployeeDirectoryApp.swift in Sources */,
			);
			runOnlyForDeploymentPostprocessing = 0;
		};
		11DE080428CAC13800FDA44E /* Sources */ = {
			isa = PBXSourcesBuildPhase;
			buildActionMask = 2147483647;
			files = (
				11DE080B28CAC13800FDA44E /* SquareEmployeeDirectoryTests.swift in Sources */,
			);
			runOnlyForDeploymentPostprocessing = 0;
		};
/* End PBXSourcesBuildPhase section */

/* Begin PBXTargetDependency section */
		11DE080D28CAC13800FDA44E /* PBXTargetDependency */ = {
			isa = PBXTargetDependency;
			target = 11108F4C28C289A9008B62C8 /* SquareEmployeeDirectory */;
			targetProxy = 11DE080C28CAC13800FDA44E /* PBXContainerItemProxy */;
		};
/* End PBXTargetDependency section */

/* Begin XCBuildConfiguration section */
		11108F5928C289AC008B62C8 /* Debug */ = {
			isa = XCBuildConfiguration;
			buildSettings = {
				ALWAYS_SEARCH_USER_PATHS = NO;
				CLANG_ANALYZER_NONNULL = YES;
				CLANG_ANALYZER_NUMBER_OBJECT_CONVERSION = YES_AGGRESSIVE;
				CLANG_CXX_LANGUAGE_STANDARD = "gnu++17";
				CLANG_CXX_LIBRARY = "libc++";
				CLANG_ENABLE_MODULES = YES;
				CLANG_ENABLE_OBJC_ARC = YES;
				CLANG_ENABLE_OBJC_WEAK = YES;
				CLANG_WARN_BLOCK_CAPTURE_AUTORELEASING = YES;
				CLANG_WARN_BOOL_CONVERSION = YES;
				CLANG_WARN_COMMA = YES;
				CLANG_WARN_CONSTANT_CONVERSION = YES;
				CLANG_WARN_DEPRECATED_OBJC_IMPLEMENTATIONS = YES;
				CLANG_WARN_DIRECT_OBJC_ISA_USAGE = YES_ERROR;
				CLANG_WARN_DOCUMENTATION_COMMENTS = YES;
				CLANG_WARN_EMPTY_BODY = YES;
				CLANG_WARN_ENUM_CONVERSION = YES;
				CLANG_WARN_INFINITE_RECURSION = YES;
				CLANG_WARN_INT_CONVERSION = YES;
				CLANG_WARN_NON_LITERAL_NULL_CONVERSION = YES;
				CLANG_WARN_OBJC_IMPLICIT_RETAIN_SELF = YES;
				CLANG_WARN_OBJC_LITERAL_CONVERSION = YES;
				CLANG_WARN_OBJC_ROOT_CLASS = YES_ERROR;
				CLANG_WARN_QUOTED_INCLUDE_IN_FRAMEWORK_HEADER = YES;
				CLANG_WARN_RANGE_LOOP_ANALYSIS = YES;
				CLANG_WARN_STRICT_PROTOTYPES = YES;
				CLANG_WARN_SUSPICIOUS_MOVE = YES;
				CLANG_WARN_UNGUARDED_AVAILABILITY = YES_AGGRESSIVE;
				CLANG_WARN_UNREACHABLE_CODE = YES;
				CLANG_WARN__DUPLICATE_METHOD_MATCH = YES;
				COPY_PHASE_STRIP = NO;
				DEBUG_INFORMATION_FORMAT = dwarf;
				ENABLE_STRICT_OBJC_MSGSEND = YES;
				ENABLE_TESTABILITY = YES;
				GCC_C_LANGUAGE_STANDARD = gnu11;
				GCC_DYNAMIC_NO_PIC = NO;
				GCC_NO_COMMON_BLOCKS = YES;
				GCC_OPTIMIZATION_LEVEL = 0;
				GCC_PREPROCESSOR_DEFINITIONS = (
					"DEBUG=1",
					"$(inherited)",
				);
				GCC_WARN_64_TO_32_BIT_CONVERSION = YES;
				GCC_WARN_ABOUT_RETURN_TYPE = YES_ERROR;
				GCC_WARN_UNDECLARED_SELECTOR = YES;
				GCC_WARN_UNINITIALIZED_AUTOS = YES_AGGRESSIVE;
				GCC_WARN_UNUSED_FUNCTION = YES;
				GCC_WARN_UNUSED_VARIABLE = YES;
				IPHONEOS_DEPLOYMENT_TARGET = 15.0;
				MTL_ENABLE_DEBUG_INFO = INCLUDE_SOURCE;
				MTL_FAST_MATH = YES;
				ONLY_ACTIVE_ARCH = YES;
				SDKROOT = iphoneos;
				SWIFT_ACTIVE_COMPILATION_CONDITIONS = DEBUG;
				SWIFT_OPTIMIZATION_LEVEL = "-Onone";
			};
			name = Debug;
		};
		11108F5A28C289AC008B62C8 /* Release */ = {
			isa = XCBuildConfiguration;
			buildSettings = {
				ALWAYS_SEARCH_USER_PATHS = NO;
				CLANG_ANALYZER_NONNULL = YES;
				CLANG_ANALYZER_NUMBER_OBJECT_CONVERSION = YES_AGGRESSIVE;
				CLANG_CXX_LANGUAGE_STANDARD = "gnu++17";
				CLANG_CXX_LIBRARY = "libc++";
				CLANG_ENABLE_MODULES = YES;
				CLANG_ENABLE_OBJC_ARC = YES;
				CLANG_ENABLE_OBJC_WEAK = YES;
				CLANG_WARN_BLOCK_CAPTURE_AUTORELEASING = YES;
				CLANG_WARN_BOOL_CONVERSION = YES;
				CLANG_WARN_COMMA = YES;
				CLANG_WARN_CONSTANT_CONVERSION = YES;
				CLANG_WARN_DEPRECATED_OBJC_IMPLEMENTATIONS = YES;
				CLANG_WARN_DIRECT_OBJC_ISA_USAGE = YES_ERROR;
				CLANG_WARN_DOCUMENTATION_COMMENTS = YES;
				CLANG_WARN_EMPTY_BODY = YES;
				CLANG_WARN_ENUM_CONVERSION = YES;
				CLANG_WARN_INFINITE_RECURSION = YES;
				CLANG_WARN_INT_CONVERSION = YES;
				CLANG_WARN_NON_LITERAL_NULL_CONVERSION = YES;
				CLANG_WARN_OBJC_IMPLICIT_RETAIN_SELF = YES;
				CLANG_WARN_OBJC_LITERAL_CONVERSION = YES;
				CLANG_WARN_OBJC_ROOT_CLASS = YES_ERROR;
				CLANG_WARN_QUOTED_INCLUDE_IN_FRAMEWORK_HEADER = YES;
				CLANG_WARN_RANGE_LOOP_ANALYSIS = YES;
				CLANG_WARN_STRICT_PROTOTYPES = YES;
				CLANG_WARN_SUSPICIOUS_MOVE = YES;
				CLANG_WARN_UNGUARDED_AVAILABILITY = YES_AGGRESSIVE;
				CLANG_WARN_UNREACHABLE_CODE = YES;
				CLANG_WARN__DUPLICATE_METHOD_MATCH = YES;
				COPY_PHASE_STRIP = NO;
				DEBUG_INFORMATION_FORMAT = "dwarf-with-dsym";
				ENABLE_NS_ASSERTIONS = NO;
				ENABLE_STRICT_OBJC_MSGSEND = YES;
				ENABLE_TESTABILITY = YES;
				GCC_C_LANGUAGE_STANDARD = gnu11;
				GCC_NO_COMMON_BLOCKS = YES;
				GCC_WARN_64_TO_32_BIT_CONVERSION = YES;
				GCC_WARN_ABOUT_RETURN_TYPE = YES_ERROR;
				GCC_WARN_UNDECLARED_SELECTOR = YES;
				GCC_WARN_UNINITIALIZED_AUTOS = YES_AGGRESSIVE;
				GCC_WARN_UNUSED_FUNCTION = YES;
				GCC_WARN_UNUSED_VARIABLE = YES;
				IPHONEOS_DEPLOYMENT_TARGET = 15.0;
				MTL_ENABLE_DEBUG_INFO = NO;
				MTL_FAST_MATH = YES;
				SDKROOT = iphoneos;
				SWIFT_COMPILATION_MODE = wholemodule;
				SWIFT_OPTIMIZATION_LEVEL = "-O";
				VALIDATE_PRODUCT = YES;
			};
			name = Release;
		};
		11108F5C28C289AC008B62C8 /* Debug */ = {
			isa = XCBuildConfiguration;
			buildSettings = {
				ASSETCATALOG_COMPILER_APPICON_NAME = AppIcon;
				ASSETCATALOG_COMPILER_GLOBAL_ACCENT_COLOR_NAME = AccentColor;
				CODE_SIGN_STYLE = Automatic;
				CURRENT_PROJECT_VERSION = 1;
				DEVELOPMENT_ASSET_PATHS = "\"SquareEmployeeDirectory/Preview Content\"";
				DEVELOPMENT_TEAM = LY52JA5JFF;
				ENABLE_PREVIEWS = YES;
				GENERATE_INFOPLIST_FILE = YES;
				INFOPLIST_KEY_UIApplicationSceneManifest_Generation = YES;
				INFOPLIST_KEY_UIApplicationSupportsIndirectInputEvents = YES;
				INFOPLIST_KEY_UILaunchScreen_Generation = YES;
				INFOPLIST_KEY_UISupportedInterfaceOrientations_iPad = "UIInterfaceOrientationPortrait UIInterfaceOrientationPortraitUpsideDown UIInterfaceOrientationLandscapeLeft UIInterfaceOrientationLandscapeRight";
				INFOPLIST_KEY_UISupportedInterfaceOrientations_iPhone = "UIInterfaceOrientationPortrait UIInterfaceOrientationLandscapeLeft UIInterfaceOrientationLandscapeRight";
				LD_RUNPATH_SEARCH_PATHS = (
					"$(inherited)",
					"@executable_path/Frameworks",
				);
				MARKETING_VERSION = 1.0;
				PRODUCT_BUNDLE_IDENTIFIER = com.AdegbenroAlexander.SquareEmployeeDirectory;
				PRODUCT_NAME = "$(TARGET_NAME)";
				SWIFT_EMIT_LOC_STRINGS = YES;
				SWIFT_VERSION = 5.0;
				TARGETED_DEVICE_FAMILY = "1,2";
			};
			name = Debug;
		};
		11108F5D28C289AC008B62C8 /* Release */ = {
			isa = XCBuildConfiguration;
			buildSettings = {
				ASSETCATALOG_COMPILER_APPICON_NAME = AppIcon;
				ASSETCATALOG_COMPILER_GLOBAL_ACCENT_COLOR_NAME = AccentColor;
				CODE_SIGN_STYLE = Automatic;
				CURRENT_PROJECT_VERSION = 1;
				DEVELOPMENT_ASSET_PATHS = "\"SquareEmployeeDirectory/Preview Content\"";
				DEVELOPMENT_TEAM = LY52JA5JFF;
				ENABLE_PREVIEWS = YES;
				GENERATE_INFOPLIST_FILE = YES;
				INFOPLIST_KEY_UIApplicationSceneManifest_Generation = YES;
				INFOPLIST_KEY_UIApplicationSupportsIndirectInputEvents = YES;
				INFOPLIST_KEY_UILaunchScreen_Generation = YES;
				INFOPLIST_KEY_UISupportedInterfaceOrientations_iPad = "UIInterfaceOrientationPortrait UIInterfaceOrientationPortraitUpsideDown UIInterfaceOrientationLandscapeLeft UIInterfaceOrientationLandscapeRight";
				INFOPLIST_KEY_UISupportedInterfaceOrientations_iPhone = "UIInterfaceOrientationPortrait UIInterfaceOrientationLandscapeLeft UIInterfaceOrientationLandscapeRight";
				LD_RUNPATH_SEARCH_PATHS = (
					"$(inherited)",
					"@executable_path/Frameworks",
				);
				MARKETING_VERSION = 1.0;
				PRODUCT_BUNDLE_IDENTIFIER = com.AdegbenroAlexander.SquareEmployeeDirectory;
				PRODUCT_NAME = "$(TARGET_NAME)";
				SWIFT_EMIT_LOC_STRINGS = YES;
				SWIFT_VERSION = 5.0;
				TARGETED_DEVICE_FAMILY = "1,2";
			};
			name = Release;
		};
		11DE080F28CAC13800FDA44E /* Debug */ = {
			isa = XCBuildConfiguration;
			buildSettings = {
				BUNDLE_LOADER = "$(TEST_HOST)";
				CODE_SIGN_STYLE = Automatic;
				CURRENT_PROJECT_VERSION = 1;
				DEVELOPMENT_TEAM = LY52JA5JFF;
				GENERATE_INFOPLIST_FILE = YES;
				LD_RUNPATH_SEARCH_PATHS = (
					"$(inherited)",
					"@executable_path/Frameworks",
					"@loader_path/Frameworks",
				);
				MARKETING_VERSION = 1.0;
				PRODUCT_BUNDLE_IDENTIFIER = com.AdegbenroAlexander.SquareEmployeeDirectoryTests;
				PRODUCT_NAME = "$(TARGET_NAME)";
				SWIFT_EMIT_LOC_STRINGS = NO;
				SWIFT_VERSION = 5.0;
				TARGETED_DEVICE_FAMILY = "1,2";
				TEST_HOST = "$(BUILT_PRODUCTS_DIR)/SquareEmployeeDirectory.app/SquareEmployeeDirectory";
			};
			name = Debug;
		};
		11DE081028CAC13800FDA44E /* Release */ = {
			isa = XCBuildConfiguration;
			buildSettings = {
				BUNDLE_LOADER = "$(TEST_HOST)";
				CODE_SIGN_STYLE = Automatic;
				CURRENT_PROJECT_VERSION = 1;
				DEVELOPMENT_TEAM = LY52JA5JFF;
				GENERATE_INFOPLIST_FILE = YES;
				LD_RUNPATH_SEARCH_PATHS = (
					"$(inherited)",
					"@executable_path/Frameworks",
					"@loader_path/Frameworks",
				);
				MARKETING_VERSION = 1.0;
				PRODUCT_BUNDLE_IDENTIFIER = com.AdegbenroAlexander.SquareEmployeeDirectoryTests;
				PRODUCT_NAME = "$(TARGET_NAME)";
				SWIFT_EMIT_LOC_STRINGS = NO;
				SWIFT_VERSION = 5.0;
				TARGETED_DEVICE_FAMILY = "1,2";
				TEST_HOST = "$(BUILT_PRODUCTS_DIR)/SquareEmployeeDirectory.app/SquareEmployeeDirectory";
			};
			name = Release;
		};
/* End XCBuildConfiguration section */

/* Begin XCConfigurationList section */
		11108F4828C289A9008B62C8 /* Build configuration list for PBXProject "SquareEmployeeDirectory" */ = {
			isa = XCConfigurationList;
			buildConfigurations = (
				11108F5928C289AC008B62C8 /* Debug */,
				11108F5A28C289AC008B62C8 /* Release */,
			);
			defaultConfigurationIsVisible = 0;
			defaultConfigurationName = Release;
		};
		11108F5B28C289AC008B62C8 /* Build configuration list for PBXNativeTarget "SquareEmployeeDirectory" */ = {
			isa = XCConfigurationList;
			buildConfigurations = (
				11108F5C28C289AC008B62C8 /* Debug */,
				11108F5D28C289AC008B62C8 /* Release */,
			);
			defaultConfigurationIsVisible = 0;
			defaultConfigurationName = Release;
		};
		11DE080E28CAC13800FDA44E /* Build configuration list for PBXNativeTarget "SquareEmployeeDirectoryTests" */ = {
			isa = XCConfigurationList;
			buildConfigurations = (
				11DE080F28CAC13800FDA44E /* Debug */,
				11DE081028CAC13800FDA44E /* Release */,
			);
			defaultConfigurationIsVisible = 0;
			defaultConfigurationName = Release;
		};
/* End XCConfigurationList section */
	};
	rootObject = 11108F4528C289A9008B62C8 /* Project object */;
}
